
Microsoft Visual Studio Solution File, Format Version 12.00
# Visual Studio Version 17
VisualStudioVersion = 17.13.35931.197
MinimumVisualStudioVersion = 10.0.40219.1
Project("{FAE04EC0-301F-11D3-BF4B-00C04F79EFBC}") = "GameHub_DoanMinhKien_SE170383", "GameHub_DoanMinhKien_SE170383\GameHub_DoanMinhKien_SE170383.csproj", "{AC8ED651-DDF8-41BD-95AB-1C442F8A60B6}"
EndProject
Project("{FAE04EC0-301F-11D3-BF4B-00C04F79EFBC}") = "DataAccessLayer", "DataAccessLayer\DataAccessLayer.csproj", "{4D67D178-7D3F-4192-9EE5-9E46388A5FB6}"
EndProject
Project("{FAE04EC0-301F-11D3-BF4B-00C04F79EFBC}") = "BusinessLogicLayer", "BusinessLogicLayer\BusinessLogicLayer.csproj", "{A39BD877-3ACB-4264-B699-F7E97D644DD0}"
EndProject
Global
	GlobalSection(SolutionConfigurationPlatforms) = preSolution
		Debug|Any CPU = Debug|Any CPU
		Release|Any CPU = Release|Any CPU
	EndGlobalSection
	GlobalSection(ProjectConfigurationPlatforms) = postSolution
		{AC8ED651-DDF8-41BD-95AB-1C442F8A60B6}.Debug|Any CPU.ActiveCfg = Debug|Any CPU
		{AC8ED651-DDF8-41BD-95AB-1C442F8A60B6}.Debug|Any CPU.Build.0 = Debug|Any CPU
		{AC8ED651-DDF8-41BD-95AB-1C442F8A60B6}.Release|Any CPU.ActiveCfg = Release|Any CPU
		{AC8ED651-DDF8-41BD-95AB-1C442F8A60B6}.Release|Any CPU.Build.0 = Release|Any CPU
		{4D67D178-7D3F-4192-9EE5-9E46388A5FB6}.Debug|Any CPU.ActiveCfg = Debug|Any CPU
		{4D67D178-7D3F-4192-9EE5-9E46388A5FB6}.Debug|Any CPU.Build.0 = Debug|Any CPU
		{4D67D178-7D3F-4192-9EE5-9E46388A5FB6}.Release|Any CPU.ActiveCfg = Release|Any CPU
		{4D67D178-7D3F-4192-9EE5-9E46388A5FB6}.Release|Any CPU.Build.0 = Release|Any CPU
		{A39BD877-3ACB-4264-B699-F7E97D644DD0}.Debug|Any CPU.ActiveCfg = Debug|Any CPU
		{A39BD877-3ACB-4264-B699-F7E97D644DD0}.Debug|Any CPU.Build.0 = Debug|Any CPU
		{A39BD877-3ACB-4264-B699-F7E97D644DD0}.Release|Any CPU.ActiveCfg = Release|Any CPU
		{A39BD877-3ACB-4264-B699-F7E97D644DD0}.Release|Any CPU.Build.0 = Release|Any CPU
	EndGlobalSection
	GlobalSection(SolutionProperties) = preSolution
		HideSolutionNode = FALSE
	EndGlobalSection
	GlobalSection(ExtensibilityGlobals) = postSolution
		SolutionGuid = {6E4BE596-5F83-4531-BD50-15AC576F006C}
	EndGlobalSection
EndGlobal
